// !$*UTF8*$!
{
	archiveVersion = 1;
	classes = {
	};
	objectVersion = 48;
	objects = {

/* Begin PBXBuildFile section */
		339BFC4DDE3C00410C7C61F8 /* Pods_FBLA2018Tests.framework in Frameworks */ = {isa = PBXBuildFile; fileRef = 8F45869BD8E5B69AA4F13D2D /* Pods_FBLA2018Tests.framework */; };
		3A94B055EC8EE3A62381BF8A /* Pods_FBLA2018UITests.framework in Frameworks */ = {isa = PBXBuildFile; fileRef = 9A889609F101C6271049E5D5 /* Pods_FBLA2018UITests.framework */; };
		5251649D57E04CC9B6F6770B /* Pods_FBLA2018.framework in Frameworks */ = {isa = PBXBuildFile; fileRef = 1C6F3DB563BB354D86A4C7A7 /* Pods_FBLA2018.framework */; };
		9D32F1B8202E81F900367A8B /* AppDelegate.swift in Sources */ = {isa = PBXBuildFile; fileRef = 9D32F1B7202E81F900367A8B /* AppDelegate.swift */; };
		9D32F1BA202E81F900367A8B /* ViewController.swift in Sources */ = {isa = PBXBuildFile; fileRef = 9D32F1B9202E81F900367A8B /* ViewController.swift */; };
		9D32F1BD202E81F900367A8B /* Main.storyboard in Resources */ = {isa = PBXBuildFile; fileRef = 9D32F1BB202E81F900367A8B /* Main.storyboard */; };
		9D32F1BF202E81F900367A8B /* Assets.xcassets in Resources */ = {isa = PBXBuildFile; fileRef = 9D32F1BE202E81F900367A8B /* Assets.xcassets */; };
		9D32F1C2202E81F900367A8B /* LaunchScreen.storyboard in Resources */ = {isa = PBXBuildFile; fileRef = 9D32F1C0202E81F900367A8B /* LaunchScreen.storyboard */; };
		9D32F1CD202E81FA00367A8B /* FBLA2018Tests.swift in Sources */ = {isa = PBXBuildFile; fileRef = 9D32F1CC202E81FA00367A8B /* FBLA2018Tests.swift */; };
		9D32F1D8202E81FA00367A8B /* FBLA2018UITests.swift in Sources */ = {isa = PBXBuildFile; fileRef = 9D32F1D7202E81FA00367A8B /* FBLA2018UITests.swift */; };
		9D32F1E6202E847E00367A8B /* GoogleService-Info.plist in Resources */ = {isa = PBXBuildFile; fileRef = 9D32F1E5202E826000367A8B /* GoogleService-Info.plist */; };
		9D32F1E7202E847E00367A8B /* GoogleService-Info.plist in Resources */ = {isa = PBXBuildFile; fileRef = 9D32F1E5202E826000367A8B /* GoogleService-Info.plist */; };
		9D32F1E8202E847F00367A8B /* GoogleService-Info.plist in Resources */ = {isa = PBXBuildFile; fileRef = 9D32F1E5202E826000367A8B /* GoogleService-Info.plist */; };
/* End PBXBuildFile section */

/* Begin PBXContainerItemProxy section */
		9D32F1C9202E81FA00367A8B /* PBXContainerItemProxy */ = {
			isa = PBXContainerItemProxy;
			containerPortal = 9D32F1AC202E81F900367A8B /* Project object */;
			proxyType = 1;
			remoteGlobalIDString = 9D32F1B3202E81F900367A8B;
			remoteInfo = FBLA2018;
		};
		9D32F1D4202E81FA00367A8B /* PBXContainerItemProxy */ = {
			isa = PBXContainerItemProxy;
			containerPortal = 9D32F1AC202E81F900367A8B /* Project object */;
			proxyType = 1;
			remoteGlobalIDString = 9D32F1B3202E81F900367A8B;
			remoteInfo = FBLA2018;
		};
/* End PBXContainerItemProxy section */

/* Begin PBXFileReference section */
		1C6F3DB563BB354D86A4C7A7 /* Pods_FBLA2018.framework */ = {isa = PBXFileReference; explicitFileType = wrapper.framework; includeInIndex = 0; path = Pods_FBLA2018.framework; sourceTree = BUILT_PRODUCTS_DIR; };
		33791055EA49803BB135C683 /* Pods-FBLA2018.debug.xcconfig */ = {isa = PBXFileReference; includeInIndex = 1; lastKnownFileType = text.xcconfig; name = "Pods-FBLA2018.debug.xcconfig"; path = "Pods/Target Support Files/Pods-FBLA2018/Pods-FBLA2018.debug.xcconfig"; sourceTree = "<group>"; };
		484E8FA78550613415BD6462 /* Pods-FBLA2018.release.xcconfig */ = {isa = PBXFileReference; includeInIndex = 1; lastKnownFileType = text.xcconfig; name = "Pods-FBLA2018.release.xcconfig"; path = "Pods/Target Support Files/Pods-FBLA2018/Pods-FBLA2018.release.xcconfig"; sourceTree = "<group>"; };
		579929ACA300BF363357774B /* Pods-FBLA2018Tests.debug.xcconfig */ = {isa = PBXFileReference; includeInIndex = 1; lastKnownFileType = text.xcconfig; name = "Pods-FBLA2018Tests.debug.xcconfig"; path = "Pods/Target Support Files/Pods-FBLA2018Tests/Pods-FBLA2018Tests.debug.xcconfig"; sourceTree = "<group>"; };
		585567CEE710E294D250DE85 /* Pods-FBLA2018UITests.debug.xcconfig */ = {isa = PBXFileReference; includeInIndex = 1; lastKnownFileType = text.xcconfig; name = "Pods-FBLA2018UITests.debug.xcconfig"; path = "Pods/Target Support Files/Pods-FBLA2018UITests/Pods-FBLA2018UITests.debug.xcconfig"; sourceTree = "<group>"; };
		8F45869BD8E5B69AA4F13D2D /* Pods_FBLA2018Tests.framework */ = {isa = PBXFileReference; explicitFileType = wrapper.framework; includeInIndex = 0; path = Pods_FBLA2018Tests.framework; sourceTree = BUILT_PRODUCTS_DIR; };
		9A889609F101C6271049E5D5 /* Pods_FBLA2018UITests.framework */ = {isa = PBXFileReference; explicitFileType = wrapper.framework; includeInIndex = 0; path = Pods_FBLA2018UITests.framework; sourceTree = BUILT_PRODUCTS_DIR; };
		9D32F1B4202E81F900367A8B /* FBLA2018.app */ = {isa = PBXFileReference; explicitFileType = wrapper.application; includeInIndex = 0; path = FBLA2018.app; sourceTree = BUILT_PRODUCTS_DIR; };
		9D32F1B7202E81F900367A8B /* AppDelegate.swift */ = {isa = PBXFileReference; lastKnownFileType = sourcecode.swift; path = AppDelegate.swift; sourceTree = "<group>"; };
		9D32F1B9202E81F900367A8B /* ViewController.swift */ = {isa = PBXFileReference; lastKnownFileType = sourcecode.swift; path = ViewController.swift; sourceTree = "<group>"; };
		9D32F1BC202E81F900367A8B /* Base */ = {isa = PBXFileReference; lastKnownFileType = file.storyboard; name = Base; path = Base.lproj/Main.storyboard; sourceTree = "<group>"; };
		9D32F1BE202E81F900367A8B /* Assets.xcassets */ = {isa = PBXFileReference; lastKnownFileType = folder.assetcatalog; path = Assets.xcassets; sourceTree = "<group>"; };
		9D32F1C1202E81F900367A8B /* Base */ = {isa = PBXFileReference; lastKnownFileType = file.storyboard; name = Base; path = Base.lproj/LaunchScreen.storyboard; sourceTree = "<group>"; };
		9D32F1C3202E81F900367A8B /* Info.plist */ = {isa = PBXFileReference; lastKnownFileType = text.plist.xml; path = Info.plist; sourceTree = "<group>"; };
		9D32F1C8202E81FA00367A8B /* FBLA2018Tests.xctest */ = {isa = PBXFileReference; explicitFileType = wrapper.cfbundle; includeInIndex = 0; path = FBLA2018Tests.xctest; sourceTree = BUILT_PRODUCTS_DIR; };
		9D32F1CC202E81FA00367A8B /* FBLA2018Tests.swift */ = {isa = PBXFileReference; lastKnownFileType = sourcecode.swift; path = FBLA2018Tests.swift; sourceTree = "<group>"; };
		9D32F1CE202E81FA00367A8B /* Info.plist */ = {isa = PBXFileReference; lastKnownFileType = text.plist.xml; path = Info.plist; sourceTree = "<group>"; };
		9D32F1D3202E81FA00367A8B /* FBLA2018UITests.xctest */ = {isa = PBXFileReference; explicitFileType = wrapper.cfbundle; includeInIndex = 0; path = FBLA2018UITests.xctest; sourceTree = BUILT_PRODUCTS_DIR; };
		9D32F1D7202E81FA00367A8B /* FBLA2018UITests.swift */ = {isa = PBXFileReference; lastKnownFileType = sourcecode.swift; path = FBLA2018UITests.swift; sourceTree = "<group>"; };
		9D32F1D9202E81FA00367A8B /* Info.plist */ = {isa = PBXFileReference; lastKnownFileType = text.plist.xml; path = Info.plist; sourceTree = "<group>"; };
		9D32F1E5202E826000367A8B /* GoogleService-Info.plist */ = {isa = PBXFileReference; lastKnownFileType = text.plist.xml; path = "GoogleService-Info.plist"; sourceTree = "<group>"; };
		D0C436242FBCFECA77AAC301 /* Pods-FBLA2018UITests.release.xcconfig */ = {isa = PBXFileReference; includeInIndex = 1; lastKnownFileType = text.xcconfig; name = "Pods-FBLA2018UITests.release.xcconfig"; path = "Pods/Target Support Files/Pods-FBLA2018UITests/Pods-FBLA2018UITests.release.xcconfig"; sourceTree = "<group>"; };
		D7D45210D0021E5CCEBBF8C1 /* Pods-FBLA2018Tests.release.xcconfig */ = {isa = PBXFileReference; includeInIndex = 1; lastKnownFileType = text.xcconfig; name = "Pods-FBLA2018Tests.release.xcconfig"; path = "Pods/Target Support Files/Pods-FBLA2018Tests/Pods-FBLA2018Tests.release.xcconfig"; sourceTree = "<group>"; };
/* End PBXFileReference section */

/* Begin PBXFrameworksBuildPhase section */
		9D32F1B1202E81F900367A8B /* Frameworks */ = {
			isa = PBXFrameworksBuildPhase;
			buildActionMask = 2147483647;
			files = (
				5251649D57E04CC9B6F6770B /* Pods_FBLA2018.framework in Frameworks */,
			);
			runOnlyForDeploymentPostprocessing = 0;
		};
		9D32F1C5202E81FA00367A8B /* Frameworks */ = {
			isa = PBXFrameworksBuildPhase;
			buildActionMask = 2147483647;
			files = (
				339BFC4DDE3C00410C7C61F8 /* Pods_FBLA2018Tests.framework in Frameworks */,
			);
			runOnlyForDeploymentPostprocessing = 0;
		};
		9D32F1D0202E81FA00367A8B /* Frameworks */ = {
			isa = PBXFrameworksBuildPhase;
			buildActionMask = 2147483647;
			files = (
				3A94B055EC8EE3A62381BF8A /* Pods_FBLA2018UITests.framework in Frameworks */,
			);
			runOnlyForDeploymentPostprocessing = 0;
		};
/* End PBXFrameworksBuildPhase section */

/* Begin PBXGroup section */
		51BE8BE31E2E302187272801 /* Pods */ = {
			isa = PBXGroup;
			children = (
				33791055EA49803BB135C683 /* Pods-FBLA2018.debug.xcconfig */,
				484E8FA78550613415BD6462 /* Pods-FBLA2018.release.xcconfig */,
				579929ACA300BF363357774B /* Pods-FBLA2018Tests.debug.xcconfig */,
				D7D45210D0021E5CCEBBF8C1 /* Pods-FBLA2018Tests.release.xcconfig */,
				585567CEE710E294D250DE85 /* Pods-FBLA2018UITests.debug.xcconfig */,
				D0C436242FBCFECA77AAC301 /* Pods-FBLA2018UITests.release.xcconfig */,
			);
			name = Pods;
			sourceTree = "<group>";
		};
		9D32F1AB202E81F900367A8B = {
			isa = PBXGroup;
			children = (
				9D32F1B6202E81F900367A8B /* FBLA2018 */,
				9D32F1CB202E81FA00367A8B /* FBLA2018Tests */,
				9D32F1D6202E81FA00367A8B /* FBLA2018UITests */,
				9D32F1B5202E81F900367A8B /* Products */,
				51BE8BE31E2E302187272801 /* Pods */,
				A32EB3A606A4B62DC0C617AD /* Frameworks */,
			);
			sourceTree = "<group>";
		};
		9D32F1B5202E81F900367A8B /* Products */ = {
			isa = PBXGroup;
			children = (
				9D32F1B4202E81F900367A8B /* FBLA2018.app */,
				9D32F1C8202E81FA00367A8B /* FBLA2018Tests.xctest */,
				9D32F1D3202E81FA00367A8B /* FBLA2018UITests.xctest */,
			);
			name = Products;
			sourceTree = "<group>";
		};
		9D32F1B6202E81F900367A8B /* FBLA2018 */ = {
			isa = PBXGroup;
			children = (
				9D32F1B7202E81F900367A8B /* AppDelegate.swift */,
				9D32F1B9202E81F900367A8B /* ViewController.swift */,
				9D32F1BB202E81F900367A8B /* Main.storyboard */,
				9D32F1BE202E81F900367A8B /* Assets.xcassets */,
				9D32F1C0202E81F900367A8B /* LaunchScreen.storyboard */,
				9D32F1C3202E81F900367A8B /* Info.plist */,
				9D32F1E5202E826000367A8B /* GoogleService-Info.plist */,
			);
			path = FBLA2018;
			sourceTree = "<group>";
		};
		9D32F1CB202E81FA00367A8B /* FBLA2018Tests */ = {
			isa = PBXGroup;
			children = (
				9D32F1CC202E81FA00367A8B /* FBLA2018Tests.swift */,
				9D32F1CE202E81FA00367A8B /* Info.plist */,
			);
			path = FBLA2018Tests;
			sourceTree = "<group>";
		};
		9D32F1D6202E81FA00367A8B /* FBLA2018UITests */ = {
			isa = PBXGroup;
			children = (
				9D32F1D7202E81FA00367A8B /* FBLA2018UITests.swift */,
				9D32F1D9202E81FA00367A8B /* Info.plist */,
			);
			path = FBLA2018UITests;
			sourceTree = "<group>";
		};
		A32EB3A606A4B62DC0C617AD /* Frameworks */ = {
			isa = PBXGroup;
			children = (
				1C6F3DB563BB354D86A4C7A7 /* Pods_FBLA2018.framework */,
				8F45869BD8E5B69AA4F13D2D /* Pods_FBLA2018Tests.framework */,
				9A889609F101C6271049E5D5 /* Pods_FBLA2018UITests.framework */,
			);
			name = Frameworks;
			sourceTree = "<group>";
		};
/* End PBXGroup section */

/* Begin PBXNativeTarget section */
		9D32F1B3202E81F900367A8B /* FBLA2018 */ = {
			isa = PBXNativeTarget;
			buildConfigurationList = 9D32F1DC202E81FA00367A8B /* Build configuration list for PBXNativeTarget "FBLA2018" */;
			buildPhases = (
				CF22F484169E3320DAE39395 /* [CP] Check Pods Manifest.lock */,
				9D32F1B0202E81F900367A8B /* Sources */,
				9D32F1B1202E81F900367A8B /* Frameworks */,
				9D32F1B2202E81F900367A8B /* Resources */,
				975958B57F2D39BA1CEB58C2 /* [CP] Embed Pods Frameworks */,
				C0189AE50D8EF228B71807C8 /* [CP] Copy Pods Resources */,
			);
			buildRules = (
			);
			dependencies = (
			);
			name = FBLA2018;
			productName = FBLA2018;
			productReference = 9D32F1B4202E81F900367A8B /* FBLA2018.app */;
			productType = "com.apple.product-type.application";
		};
		9D32F1C7202E81FA00367A8B /* FBLA2018Tests */ = {
			isa = PBXNativeTarget;
			buildConfigurationList = 9D32F1DF202E81FA00367A8B /* Build configuration list for PBXNativeTarget "FBLA2018Tests" */;
			buildPhases = (
				F4A34F95471AEBD04ACD358F /* [CP] Check Pods Manifest.lock */,
				9D32F1C4202E81FA00367A8B /* Sources */,
				9D32F1C5202E81FA00367A8B /* Frameworks */,
				9D32F1C6202E81FA00367A8B /* Resources */,
				3609DF7B0EEC516AF596814C /* [CP] Embed Pods Frameworks */,
				0FDA6EDF3F94463F64DE2D3E /* [CP] Copy Pods Resources */,
			);
			buildRules = (
			);
			dependencies = (
				9D32F1CA202E81FA00367A8B /* PBXTargetDependency */,
			);
			name = FBLA2018Tests;
			productName = FBLA2018Tests;
			productReference = 9D32F1C8202E81FA00367A8B /* FBLA2018Tests.xctest */;
			productType = "com.apple.product-type.bundle.unit-test";
		};
		9D32F1D2202E81FA00367A8B /* FBLA2018UITests */ = {
			isa = PBXNativeTarget;
			buildConfigurationList = 9D32F1E2202E81FA00367A8B /* Build configuration list for PBXNativeTarget "FBLA2018UITests" */;
			buildPhases = (
				974EE10D1B8181CE33E0DB8F /* [CP] Check Pods Manifest.lock */,
				9D32F1CF202E81FA00367A8B /* Sources */,
				9D32F1D0202E81FA00367A8B /* Frameworks */,
				9D32F1D1202E81FA00367A8B /* Resources */,
				0D90AE17911BE90565953C86 /* [CP] Embed Pods Frameworks */,
				3B34B7A195749CB8479640E9 /* [CP] Copy Pods Resources */,
			);
			buildRules = (
			);
			dependencies = (
				9D32F1D5202E81FA00367A8B /* PBXTargetDependency */,
			);
			name = FBLA2018UITests;
			productName = FBLA2018UITests;
			productReference = 9D32F1D3202E81FA00367A8B /* FBLA2018UITests.xctest */;
			productType = "com.apple.product-type.bundle.ui-testing";
		};
/* End PBXNativeTarget section */

/* Begin PBXProject section */
		9D32F1AC202E81F900367A8B /* Project object */ = {
			isa = PBXProject;
			attributes = {
				LastSwiftUpdateCheck = 0900;
				LastUpgradeCheck = 0900;
				ORGANIZATIONNAME = "Dali Labs, Inc.";
				TargetAttributes = {
					9D32F1B3202E81F900367A8B = {
						CreatedOnToolsVersion = 9.0;
						ProvisioningStyle = Automatic;
					};
					9D32F1C7202E81FA00367A8B = {
						CreatedOnToolsVersion = 9.0;
						ProvisioningStyle = Automatic;
						TestTargetID = 9D32F1B3202E81F900367A8B;
					};
					9D32F1D2202E81FA00367A8B = {
						CreatedOnToolsVersion = 9.0;
						ProvisioningStyle = Automatic;
						TestTargetID = 9D32F1B3202E81F900367A8B;
					};
				};
			};
			buildConfigurationList = 9D32F1AF202E81F900367A8B /* Build configuration list for PBXProject "FBLA2018" */;
			compatibilityVersion = "Xcode 8.0";
			developmentRegion = en;
			hasScannedForEncodings = 0;
			knownRegions = (
				en,
				Base,
			);
			mainGroup = 9D32F1AB202E81F900367A8B;
			productRefGroup = 9D32F1B5202E81F900367A8B /* Products */;
			projectDirPath = "";
			projectRoot = "";
			targets = (
				9D32F1B3202E81F900367A8B /* FBLA2018 */,
				9D32F1C7202E81FA00367A8B /* FBLA2018Tests */,
				9D32F1D2202E81FA00367A8B /* FBLA2018UITests */,
			);
		};
/* End PBXProject section */

/* Begin PBXResourcesBuildPhase section */
		9D32F1B2202E81F900367A8B /* Resources */ = {
			isa = PBXResourcesBuildPhase;
			buildActionMask = 2147483647;
			files = (
				9D32F1C2202E81F900367A8B /* LaunchScreen.storyboard in Resources */,
				9D32F1E6202E847E00367A8B /* GoogleService-Info.plist in Resources */,
				9D32F1BF202E81F900367A8B /* Assets.xcassets in Resources */,
				9D32F1BD202E81F900367A8B /* Main.storyboard in Resources */,
			);
			runOnlyForDeploymentPostprocessing = 0;
		};
		9D32F1C6202E81FA00367A8B /* Resources */ = {
			isa = PBXResourcesBuildPhase;
			buildActionMask = 2147483647;
			files = (
				9D32F1E7202E847E00367A8B /* GoogleService-Info.plist in Resources */,
			);
			runOnlyForDeploymentPostprocessing = 0;
		};
		9D32F1D1202E81FA00367A8B /* Resources */ = {
			isa = PBXResourcesBuildPhase;
			buildActionMask = 2147483647;
			files = (
				9D32F1E8202E847F00367A8B /* GoogleService-Info.plist in Resources */,
			);
			runOnlyForDeploymentPostprocessing = 0;
		};
/* End PBXResourcesBuildPhase section */

/* Begin PBXShellScriptBuildPhase section */
		0D90AE17911BE90565953C86 /* [CP] Embed Pods Frameworks */ = {
			isa = PBXShellScriptBuildPhase;
			buildActionMask = 2147483647;
			files = (
			);
			inputPaths = (
			);
			name = "[CP] Embed Pods Frameworks";
			outputPaths = (
			);
			runOnlyForDeploymentPostprocessing = 0;
			shellPath = /bin/sh;
			shellScript = "\"${SRCROOT}/Pods/Target Support Files/Pods-FBLA2018UITests/Pods-FBLA2018UITests-frameworks.sh\"\n";
			showEnvVarsInLog = 0;
		};
		0FDA6EDF3F94463F64DE2D3E /* [CP] Copy Pods Resources */ = {
			isa = PBXShellScriptBuildPhase;
			buildActionMask = 2147483647;
			files = (
			);
			inputPaths = (
			);
			name = "[CP] Copy Pods Resources";
			outputPaths = (
			);
			runOnlyForDeploymentPostprocessing = 0;
			shellPath = /bin/sh;
			shellScript = "\"${SRCROOT}/Pods/Target Support Files/Pods-FBLA2018Tests/Pods-FBLA2018Tests-resources.sh\"\n";
			showEnvVarsInLog = 0;
		};
		3609DF7B0EEC516AF596814C /* [CP] Embed Pods Frameworks */ = {
			isa = PBXShellScriptBuildPhase;
			buildActionMask = 2147483647;
			files = (
			);
			inputPaths = (
			);
			name = "[CP] Embed Pods Frameworks";
			outputPaths = (
			);
			runOnlyForDeploymentPostprocessing = 0;
			shellPath = /bin/sh;
			shellScript = "\"${SRCROOT}/Pods/Target Support Files/Pods-FBLA2018Tests/Pods-FBLA2018Tests-frameworks.sh\"\n";
			showEnvVarsInLog = 0;
		};
		3B34B7A195749CB8479640E9 /* [CP] Copy Pods Resources */ = {
			isa = PBXShellScriptBuildPhase;
			buildActionMask = 2147483647;
			files = (
			);
			inputPaths = (
			);
			name = "[CP] Copy Pods Resources";
			outputPaths = (
			);
			runOnlyForDeploymentPostprocessing = 0;
			shellPath = /bin/sh;
			shellScript = "\"${SRCROOT}/Pods/Target Support Files/Pods-FBLA2018UITests/Pods-FBLA2018UITests-resources.sh\"\n";
			showEnvVarsInLog = 0;
		};
		974EE10D1B8181CE33E0DB8F /* [CP] Check Pods Manifest.lock */ = {
			isa = PBXShellScriptBuildPhase;
			buildActionMask = 2147483647;
			files = (
			);
			inputPaths = (
				"${PODS_PODFILE_DIR_PATH}/Podfile.lock",
				"${PODS_ROOT}/Manifest.lock",
			);
			name = "[CP] Check Pods Manifest.lock";
			outputPaths = (
				"$(DERIVED_FILE_DIR)/Pods-FBLA2018UITests-checkManifestLockResult.txt",
			);
			runOnlyForDeploymentPostprocessing = 0;
			shellPath = /bin/sh;
			shellScript = "diff \"${PODS_PODFILE_DIR_PATH}/Podfile.lock\" \"${PODS_ROOT}/Manifest.lock\" > /dev/null\nif [ $? != 0 ] ; then\n    # print error to STDERR\n    echo \"error: The sandbox is not in sync with the Podfile.lock. Run 'pod install' or update your CocoaPods installation.\" >&2\n    exit 1\nfi\n# This output is used by Xcode 'outputs' to avoid re-running this script phase.\necho \"SUCCESS\" > \"${SCRIPT_OUTPUT_FILE_0}\"\n";
			showEnvVarsInLog = 0;
		};
		975958B57F2D39BA1CEB58C2 /* [CP] Embed Pods Frameworks */ = {
			isa = PBXShellScriptBuildPhase;
			buildActionMask = 2147483647;
			files = (
			);
			inputPaths = (
				"${SRCROOT}/Pods/Target Support Files/Pods-FBLA2018/Pods-FBLA2018-frameworks.sh",
				"${BUILT_PRODUCTS_DIR}/GoogleToolboxForMac/GoogleToolboxForMac.framework",
				"${BUILT_PRODUCTS_DIR}/leveldb-library/leveldb.framework",
				"${BUILT_PRODUCTS_DIR}/nanopb/nanopb.framework",
			);
			name = "[CP] Embed Pods Frameworks";
			outputPaths = (
				"${TARGET_BUILD_DIR}/${FRAMEWORKS_FOLDER_PATH}/GoogleToolboxForMac.framework",
				"${TARGET_BUILD_DIR}/${FRAMEWORKS_FOLDER_PATH}/leveldb.framework",
				"${TARGET_BUILD_DIR}/${FRAMEWORKS_FOLDER_PATH}/nanopb.framework",
			);
			runOnlyForDeploymentPostprocessing = 0;
			shellPath = /bin/sh;
			shellScript = "\"${SRCROOT}/Pods/Target Support Files/Pods-FBLA2018/Pods-FBLA2018-frameworks.sh\"\n";
			showEnvVarsInLog = 0;
		};
		C0189AE50D8EF228B71807C8 /* [CP] Copy Pods Resources */ = {
			isa = PBXShellScriptBuildPhase;
			buildActionMask = 2147483647;
			files = (
			);
			inputPaths = (
			);
			name = "[CP] Copy Pods Resources";
			outputPaths = (
			);
			runOnlyForDeploymentPostprocessing = 0;
			shellPath = /bin/sh;
			shellScript = "\"${SRCROOT}/Pods/Target Support Files/Pods-FBLA2018/Pods-FBLA2018-resources.sh\"\n";
			showEnvVarsInLog = 0;
		};
		CF22F484169E3320DAE39395 /* [CP] Check Pods Manifest.lock */ = {
			isa = PBXShellScriptBuildPhase;
			buildActionMask = 2147483647;
			files = (
			);
			inputPaths = (
				"${PODS_PODFILE_DIR_PATH}/Podfile.lock",
				"${PODS_ROOT}/Manifest.lock",
			);
			name = "[CP] Check Pods Manifest.lock";
			outputPaths = (
				"$(DERIVED_FILE_DIR)/Pods-FBLA2018-checkManifestLockResult.txt",
			);
			runOnlyForDeploymentPostprocessing = 0;
			shellPath = /bin/sh;
			shellScript = "diff \"${PODS_PODFILE_DIR_PATH}/Podfile.lock\" \"${PODS_ROOT}/Manifest.lock\" > /dev/null\nif [ $? != 0 ] ; then\n    # print error to STDERR\n    echo \"error: The sandbox is not in sync with the Podfile.lock. Run 'pod install' or update your CocoaPods installation.\" >&2\n    exit 1\nfi\n# This output is used by Xcode 'outputs' to avoid re-running this script phase.\necho \"SUCCESS\" > \"${SCRIPT_OUTPUT_FILE_0}\"\n";
			showEnvVarsInLog = 0;
		};
		F4A34F95471AEBD04ACD358F /* [CP] Check Pods Manifest.lock */ = {
			isa = PBXShellScriptBuildPhase;
			buildActionMask = 2147483647;
			files = (
			);
			inputPaths = (
				"${PODS_PODFILE_DIR_PATH}/Podfile.lock",
				"${PODS_ROOT}/Manifest.lock",
			);
			name = "[CP] Check Pods Manifest.lock";
			outputPaths = (
				"$(DERIVED_FILE_DIR)/Pods-FBLA2018Tests-checkManifestLockResult.txt",
			);
			runOnlyForDeploymentPostprocessing = 0;
			shellPath = /bin/sh;
			shellScript = "diff \"${PODS_PODFILE_DIR_PATH}/Podfile.lock\" \"${PODS_ROOT}/Manifest.lock\" > /dev/null\nif [ $? != 0 ] ; then\n    # print error to STDERR\n    echo \"error: The sandbox is not in sync with the Podfile.lock. Run 'pod install' or update your CocoaPods installation.\" >&2\n    exit 1\nfi\n# This output is used by Xcode 'outputs' to avoid re-running this script phase.\necho \"SUCCESS\" > \"${SCRIPT_OUTPUT_FILE_0}\"\n";
			showEnvVarsInLog = 0;
		};
/* End PBXShellScriptBuildPhase section */

/* Begin PBXSourcesBuildPhase section */
		9D32F1B0202E81F900367A8B /* Sources */ = {
			isa = PBXSourcesBuildPhase;
			buildActionMask = 2147483647;
			files = (
				9D32F1BA202E81F900367A8B /* ViewController.swift in Sources */,
				9D32F1B8202E81F900367A8B /* AppDelegate.swift in Sources */,
			);
			runOnlyForDeploymentPostprocessing = 0;
		};
		9D32F1C4202E81FA00367A8B /* Sources */ = {
			isa = PBXSourcesBuildPhase;
			buildActionMask = 2147483647;
			files = (
				9D32F1CD202E81FA00367A8B /* FBLA2018Tests.swift in Sources */,
			);
			runOnlyForDeploymentPostprocessing = 0;
		};
		9D32F1CF202E81FA00367A8B /* Sources */ = {
			isa = PBXSourcesBuildPhase;
			buildActionMask = 2147483647;
			files = (
				9D32F1D8202E81FA00367A8B /* FBLA2018UITests.swift in Sources */,
			);
			runOnlyForDeploymentPostprocessing = 0;
		};
/* End PBXSourcesBuildPhase section */

/* Begin PBXTargetDependency section */
		9D32F1CA202E81FA00367A8B /* PBXTargetDependency */ = {
			isa = PBXTargetDependency;
			target = 9D32F1B3202E81F900367A8B /* FBLA2018 */;
			targetProxy = 9D32F1C9202E81FA00367A8B /* PBXContainerItemProxy */;
		};
		9D32F1D5202E81FA00367A8B /* PBXTargetDependency */ = {
			isa = PBXTargetDependency;
			target = 9D32F1B3202E81F900367A8B /* FBLA2018 */;
			targetProxy = 9D32F1D4202E81FA00367A8B /* PBXContainerItemProxy */;
		};
/* End PBXTargetDependency section */

/* Begin PBXVariantGroup section */
		9D32F1BB202E81F900367A8B /* Main.storyboard */ = {
			isa = PBXVariantGroup;
			children = (
				9D32F1BC202E81F900367A8B /* Base */,
			);
			name = Main.storyboard;
			sourceTree = "<group>";
		};
		9D32F1C0202E81F900367A8B /* LaunchScreen.storyboard */ = {
			isa = PBXVariantGroup;
			children = (
				9D32F1C1202E81F900367A8B /* Base */,
			);
			name = LaunchScreen.storyboard;
			sourceTree = "<group>";
		};
/* End PBXVariantGroup section */

/* Begin XCBuildConfiguration section */
		9D32F1DA202E81FA00367A8B /* Debug */ = {
			isa = XCBuildConfiguration;
			buildSettings = {
				ALWAYS_SEARCH_USER_PATHS = NO;
				CLANG_ANALYZER_NONNULL = YES;
				CLANG_ANALYZER_NUMBER_OBJECT_CONVERSION = YES_AGGRESSIVE;
				CLANG_CXX_LANGUAGE_STANDARD = "gnu++14";
				CLANG_CXX_LIBRARY = "libc++";
				CLANG_ENABLE_MODULES = YES;
				CLANG_ENABLE_OBJC_ARC = YES;
				CLANG_WARN_BLOCK_CAPTURE_AUTORELEASING = YES;
				CLANG_WARN_BOOL_CONVERSION = YES;
				CLANG_WARN_COMMA = YES;
				CLANG_WARN_CONSTANT_CONVERSION = YES;
				CLANG_WARN_DIRECT_OBJC_ISA_USAGE = YES_ERROR;
				CLANG_WARN_DOCUMENTATION_COMMENTS = YES;
				CLANG_WARN_EMPTY_BODY = YES;
				CLANG_WARN_ENUM_CONVERSION = YES;
				CLANG_WARN_INFINITE_RECURSION = YES;
				CLANG_WARN_INT_CONVERSION = YES;
				CLANG_WARN_NON_LITERAL_NULL_CONVERSION = YES;
				CLANG_WARN_OBJC_LITERAL_CONVERSION = YES;
				CLANG_WARN_OBJC_ROOT_CLASS = YES_ERROR;
				CLANG_WARN_RANGE_LOOP_ANALYSIS = YES;
				CLANG_WARN_STRICT_PROTOTYPES = YES;
				CLANG_WARN_SUSPICIOUS_MOVE = YES;
				CLANG_WARN_UNGUARDED_AVAILABILITY = YES_AGGRESSIVE;
				CLANG_WARN_UNREACHABLE_CODE = YES;
				CLANG_WARN__DUPLICATE_METHOD_MATCH = YES;
				CODE_SIGN_IDENTITY = "iPhone Developer";
				COPY_PHASE_STRIP = NO;
				DEBUG_INFORMATION_FORMAT = dwarf;
				ENABLE_STRICT_OBJC_MSGSEND = YES;
				ENABLE_TESTABILITY = YES;
				GCC_C_LANGUAGE_STANDARD = gnu11;
				GCC_DYNAMIC_NO_PIC = NO;
				GCC_NO_COMMON_BLOCKS = YES;
				GCC_OPTIMIZATION_LEVEL = 0;
				GCC_PREPROCESSOR_DEFINITIONS = (
					"DEBUG=1",
					"$(inherited)",
				);
				GCC_WARN_64_TO_32_BIT_CONVERSION = YES;
				GCC_WARN_ABOUT_RETURN_TYPE = YES_ERROR;
				GCC_WARN_UNDECLARED_SELECTOR = YES;
				GCC_WARN_UNINITIALIZED_AUTOS = YES_AGGRESSIVE;
				GCC_WARN_UNUSED_FUNCTION = YES;
				GCC_WARN_UNUSED_VARIABLE = YES;
				IPHONEOS_DEPLOYMENT_TARGET = 11.0;
				MTL_ENABLE_DEBUG_INFO = YES;
				ONLY_ACTIVE_ARCH = YES;
				SDKROOT = iphoneos;
				SWIFT_ACTIVE_COMPILATION_CONDITIONS = DEBUG;
				SWIFT_OPTIMIZATION_LEVEL = "-Onone";
			};
			name = Debug;
		};
		9D32F1DB202E81FA00367A8B /* Release */ = {
			isa = XCBuildConfiguration;
			buildSettings = {
				ALWAYS_SEARCH_USER_PATHS = NO;
				CLANG_ANALYZER_NONNULL = YES;
				CLANG_ANALYZER_NUMBER_OBJECT_CONVERSION = YES_AGGRESSIVE;
				CLANG_CXX_LANGUAGE_STANDARD = "gnu++14";
				CLANG_CXX_LIBRARY = "libc++";
				CLANG_ENABLE_MODULES = YES;
				CLANG_ENABLE_OBJC_ARC = YES;
				CLANG_WARN_BLOCK_CAPTURE_AUTORELEASING = YES;
				CLANG_WARN_BOOL_CONVERSION = YES;
				CLANG_WARN_COMMA = YES;
				CLANG_WARN_CONSTANT_CONVERSION = YES;
				CLANG_WARN_DIRECT_OBJC_ISA_USAGE = YES_ERROR;
				CLANG_WARN_DOCUMENTATION_COMMENTS = YES;
				CLANG_WARN_EMPTY_BODY = YES;
				CLANG_WARN_ENUM_CONVERSION = YES;
				CLANG_WARN_INFINITE_RECURSION = YES;
				CLANG_WARN_INT_CONVERSION = YES;
				CLANG_WARN_NON_LITERAL_NULL_CONVERSION = YES;
				CLANG_WARN_OBJC_LITERAL_CONVERSION = YES;
				CLANG_WARN_OBJC_ROOT_CLASS = YES_ERROR;
				CLANG_WARN_RANGE_LOOP_ANALYSIS = YES;
				CLANG_WARN_STRICT_PROTOTYPES = YES;
				CLANG_WARN_SUSPICIOUS_MOVE = YES;
				CLANG_WARN_UNGUARDED_AVAILABILITY = YES_AGGRESSIVE;
				CLANG_WARN_UNREACHABLE_CODE = YES;
				CLANG_WARN__DUPLICATE_METHOD_MATCH = YES;
				CODE_SIGN_IDENTITY = "iPhone Developer";
				COPY_PHASE_STRIP = NO;
				DEBUG_INFORMATION_FORMAT = "dwarf-with-dsym";
				ENABLE_NS_ASSERTIONS = NO;
				ENABLE_STRICT_OBJC_MSGSEND = YES;
				GCC_C_LANGUAGE_STANDARD = gnu11;
				GCC_NO_COMMON_BLOCKS = YES;
				GCC_WARN_64_TO_32_BIT_CONVERSION = YES;
				GCC_WARN_ABOUT_RETURN_TYPE = YES_ERROR;
				GCC_WARN_UNDECLARED_SELECTOR = YES;
				GCC_WARN_UNINITIALIZED_AUTOS = YES_AGGRESSIVE;
				GCC_WARN_UNUSED_FUNCTION = YES;
				GCC_WARN_UNUSED_VARIABLE = YES;
				IPHONEOS_DEPLOYMENT_TARGET = 11.0;
				MTL_ENABLE_DEBUG_INFO = NO;
				SDKROOT = iphoneos;
				SWIFT_OPTIMIZATION_LEVEL = "-Owholemodule";
				VALIDATE_PRODUCT = YES;
			};
			name = Release;
		};
		9D32F1DD202E81FA00367A8B /* Debug */ = {
			isa = XCBuildConfiguration;
			baseConfigurationReference = 33791055EA49803BB135C683 /* Pods-FBLA2018.debug.xcconfig */;
			buildSettings = {
				ASSETCATALOG_COMPILER_APPICON_NAME = AppIcon;
				CODE_SIGN_STYLE = Automatic;
				DEVELOPMENT_TEAM = U7GHKH5D2P;
				INFOPLIST_FILE = FBLA2018/Info.plist;
				LD_RUNPATH_SEARCH_PATHS = "$(inherited) @executable_path/Frameworks";
				PRODUCT_BUNDLE_IDENTIFIER = com.fbla2018.ios;
				PRODUCT_NAME = "$(TARGET_NAME)";
				SWIFT_VERSION = 4.0;
				TARGETED_DEVICE_FAMILY = "1,2";
			};
			name = Debug;
		};
		9D32F1DE202E81FA00367A8B /* Release */ = {
			isa = XCBuildConfiguration;
			baseConfigurationReference = 484E8FA78550613415BD6462 /* Pods-FBLA2018.release.xcconfig */;
			buildSettings = {
				ASSETCATALOG_COMPILER_APPICON_NAME = AppIcon;
				CODE_SIGN_STYLE = Automatic;
				DEVELOPMENT_TEAM = U7GHKH5D2P;
				INFOPLIST_FILE = FBLA2018/Info.plist;
				LD_RUNPATH_SEARCH_PATHS = "$(inherited) @executable_path/Frameworks";
				PRODUCT_BUNDLE_IDENTIFIER = com.fbla2018.ios;
				PRODUCT_NAME = "$(TARGET_NAME)";
				SWIFT_VERSION = 4.0;
				TARGETED_DEVICE_FAMILY = "1,2";
			};
			name = Release;
		};
		9D32F1E0202E81FA00367A8B /* Debug */ = {
			isa = XCBuildConfiguration;
			baseConfigurationReference = 579929ACA300BF363357774B /* Pods-FBLA2018Tests.debug.xcconfig */;
			buildSettings = {
				ALWAYS_EMBED_SWIFT_STANDARD_LIBRARIES = YES;
				BUNDLE_LOADER = "$(TEST_HOST)";
				CODE_SIGN_STYLE = Automatic;
				INFOPLIST_FILE = FBLA2018Tests/Info.plist;
				LD_RUNPATH_SEARCH_PATHS = "$(inherited) @executable_path/Frameworks @loader_path/Frameworks";
				PRODUCT_BUNDLE_IDENTIFIER = DaliLabs.Inc.FBLA2018Tests;
				PRODUCT_NAME = "$(TARGET_NAME)";
				SWIFT_VERSION = 4.0;
				TARGETED_DEVICE_FAMILY = "1,2";
				TEST_HOST = "$(BUILT_PRODUCTS_DIR)/FBLA2018.app/FBLA2018";
			};
			name = Debug;
		};
		9D32F1E1202E81FA00367A8B /* Release */ = {
			isa = XCBuildConfiguration;
			baseConfigurationReference = D7D45210D0021E5CCEBBF8C1 /* Pods-FBLA2018Tests.release.xcconfig */;
			buildSettings = {
				ALWAYS_EMBED_SWIFT_STANDARD_LIBRARIES = YES;
				BUNDLE_LOADER = "$(TEST_HOST)";
				CODE_SIGN_STYLE = Automatic;
				INFOPLIST_FILE = FBLA2018Tests/Info.plist;
				LD_RUNPATH_SEARCH_PATHS = "$(inherited) @executable_path/Frameworks @loader_path/Frameworks";
				PRODUCT_BUNDLE_IDENTIFIER = DaliLabs.Inc.FBLA2018Tests;
				PRODUCT_NAME = "$(TARGET_NAME)";
				SWIFT_VERSION = 4.0;
				TARGETED_DEVICE_FAMILY = "1,2";
				TEST_HOST = "$(BUILT_PRODUCTS_DIR)/FBLA2018.app/FBLA2018";
			};
			name = Release;
		};
		9D32F1E3202E81FA00367A8B /* Debug */ = {
			isa = XCBuildConfiguration;
			baseConfigurationReference = 585567CEE710E294D250DE85 /* Pods-FBLA2018UITests.debug.xcconfig */;
			buildSettings = {
				ALWAYS_EMBED_SWIFT_STANDARD_LIBRARIES = YES;
				CODE_SIGN_STYLE = Automatic;
				INFOPLIST_FILE = FBLA2018UITests/Info.plist;
				LD_RUNPATH_SEARCH_PATHS = "$(inherited) @executable_path/Frameworks @loader_path/Frameworks";
				PRODUCT_BUNDLE_IDENTIFIER = DaliLabs.Inc.FBLA2018UITests;
				PRODUCT_NAME = "$(TARGET_NAME)";
				SWIFT_VERSION = 4.0;
				TARGETED_DEVICE_FAMILY = "1,2";
				TEST_TARGET_NAME = FBLA2018;
			};
			name = Debug;
		};
		9D32F1E4202E81FA00367A8B /* Release */ = {
			isa = XCBuildConfiguration;
			baseConfigurationReference = D0C436242FBCFECA77AAC301 /* Pods-FBLA2018UITests.release.xcconfig */;
			buildSettings = {
				ALWAYS_EMBED_SWIFT_STANDARD_LIBRARIES = YES;
				CODE_SIGN_STYLE = Automatic;
				INFOPLIST_FILE = FBLA2018UITests/Info.plist;
				LD_RUNPATH_SEARCH_PATHS = "$(inherited) @executable_path/Frameworks @loader_path/Frameworks";
				PRODUCT_BUNDLE_IDENTIFIER = DaliLabs.Inc.FBLA2018UITests;
				PRODUCT_NAME = "$(TARGET_NAME)";
				SWIFT_VERSION = 4.0;
				TARGETED_DEVICE_FAMILY = "1,2";
				TEST_TARGET_NAME = FBLA2018;
			};
			name = Release;
		};
/* End XCBuildConfiguration section */

/* Begin XCConfigurationList section */
		9D32F1AF202E81F900367A8B /* Build configuration list for PBXProject "FBLA2018" */ = {
			isa = XCConfigurationList;
			buildConfigurations = (
				9D32F1DA202E81FA00367A8B /* Debug */,
				9D32F1DB202E81FA00367A8B /* Release */,
			);
			defaultConfigurationIsVisible = 0;
			defaultConfigurationName = Release;
		};
		9D32F1DC202E81FA00367A8B /* Build configuration list for PBXNativeTarget "FBLA2018" */ = {
			isa = XCConfigurationList;
			buildConfigurations = (
				9D32F1DD202E81FA00367A8B /* Debug */,
				9D32F1DE202E81FA00367A8B /* Release */,
			);
			defaultConfigurationIsVisible = 0;
			defaultConfigurationName = Release;
		};
		9D32F1DF202E81FA00367A8B /* Build configuration list for PBXNativeTarget "FBLA2018Tests" */ = {
			isa = XCConfigurationList;
			buildConfigurations = (
				9D32F1E0202E81FA00367A8B /* Debug */,
				9D32F1E1202E81FA00367A8B /* Release */,
			);
			defaultConfigurationIsVisible = 0;
			defaultConfigurationName = Release;
		};
		9D32F1E2202E81FA00367A8B /* Build configuration list for PBXNativeTarget "FBLA2018UITests" */ = {
			isa = XCConfigurationList;
			buildConfigurations = (
				9D32F1E3202E81FA00367A8B /* Debug */,
				9D32F1E4202E81FA00367A8B /* Release */,
			);
			defaultConfigurationIsVisible = 0;
			defaultConfigurationName = Release;
		};
/* End XCConfigurationList section */
	};
	rootObject = 9D32F1AC202E81F900367A8B /* Project object */;
}
